
Microsoft Visual Studio Solution File, Format Version 12.00
# Visual Studio Version 17
VisualStudioVersion = 17.0.31903.59
MinimumVisualStudioVersion = 10.0.40219.1
Project("{2150E333-8FDC-42A3-9474-1A3956D46DE8}") = "src", "src", "{827E0CD3-B72D-47B6-A68D-7590B98EB39B}"
EndProject
Project("{2150E333-8FDC-42A3-9474-1A3956D46DE8}") = "runtime", "runtime", "{09108480-725A-3CF3-E626-E2F33F0A58E4}"
EndProject
Project("{2150E333-8FDC-42A3-9474-1A3956D46DE8}") = "foundation", "foundation", "{A86C6CF5-943B-F66C-7DBE-6DEBDB6F788B}"
EndProject
Project("{FAE04EC0-301F-11D3-BF4B-00C04F79EFBC}") = "Buffaly.Foundation.Runtime", "src\runtime\foundation\Buffaly.Foundation.Runtime.csproj", "{BCAA02E3-B95C-424E-81AE-9D8465C37F14}"
EndProject
Project("{FAE04EC0-301F-11D3-BF4B-00C04F79EFBC}") = "Ontology", "src\runtime\Ontology\Ontology.csproj", "{6D551129-705B-4B8A-9E04-DB2B5B4E27BD}"
EndProject
Project("{FAE04EC0-301F-11D3-BF4B-00C04F79EFBC}") = "Ontology.Parsers", "src\runtime\Ontology.Parsers\Ontology.Parsers.csproj", "{F975B5E7-AC6D-4DAE-BC9F-206DD5827BE6}"
EndProject
Project("{FAE04EC0-301F-11D3-BF4B-00C04F79EFBC}") = "Ontology.Simulation", "src\runtime\Ontology.Simulation\Ontology.Simulation.csproj", "{FBC5312F-6DA3-4108-B1F0-3AA8A55036F5}"
EndProject
Project("{FAE04EC0-301F-11D3-BF4B-00C04F79EFBC}") = "ProtoScript", "src\runtime\ProtoScript\ProtoScript.csproj", "{48F1A753-50D5-4A40-BEFC-DB4976EA02F6}"
EndProject
Project("{FAE04EC0-301F-11D3-BF4B-00C04F79EFBC}") = "ProtoScript.Parsers", "src\runtime\ProtoScript.Parsers\ProtoScript.Parsers.csproj", "{A31D7DCE-856E-4D2D-9A2D-34C5D7A0724F}"
EndProject
Project("{FAE04EC0-301F-11D3-BF4B-00C04F79EFBC}") = "ProtoScript.Interpretter", "src\runtime\ProtoScript.Interpretter\ProtoScript.Interpretter.csproj", "{CB1E7659-62B0-46EE-A953-090A9C68D823}"
EndProject
Project("{FAE04EC0-301F-11D3-BF4B-00C04F79EFBC}") = "Buffaly.AgentKit", "src\Buffaly.AgentKit\Buffaly.AgentKit.csproj", "{989FEF6F-705D-44FD-9A65-C7443AD29EFF}"
EndProject
Project("{FAE04EC0-301F-11D3-BF4B-00C04F79EFBC}") = "Buffaly.AgentKit.ProtoScript", "src\Buffaly.AgentKit.ProtoScript\Buffaly.AgentKit.ProtoScript.csproj", "{65058B00-B29F-47E7-9824-DF3191650C75}"
EndProject
Project("{FAE04EC0-301F-11D3-BF4B-00C04F79EFBC}") = "Buffaly.AgentKit.AspNetCore", "src\Buffaly.AgentKit.AspNetCore\Buffaly.AgentKit.AspNetCore.csproj", "{AE745234-DCA2-4878-AB51-06C6D5CF5F64}"
EndProject
Project("{FAE04EC0-301F-11D3-BF4B-00C04F79EFBC}") = "AgentKit.Console", "samples\AgentKit.Console\AgentKit.Console.csproj", "{B742FB01-A7A5-45C6-A85B-7B010BA2298E}"
EndProject
Project("{FAE04EC0-301F-11D3-BF4B-00C04F79EFBC}") = "AgentKit.AspNetCore", "samples\AgentKit.AspNetCore\AgentKit.AspNetCore.csproj", "{26E808B9-C39E-45F0-A27E-FE1FC3A30D49}"
EndProject
Project("{FAE04EC0-301F-11D3-BF4B-00C04F79EFBC}") = "Buffaly.AgentKit.Tests", "tests\Buffaly.AgentKit.Tests\Buffaly.AgentKit.Tests.csproj", "{9334AA40-55F7-459B-80CE-7A62BEBBFE67}"
EndProject
Project("{2150E333-8FDC-42A3-9474-1A3956D46DE8}") = "samples", "samples", "{5D20AA90-6969-D8BD-9DCD-8634F4692FDA}"
EndProject
Project("{FAE04EC0-301F-11D3-BF4B-00C04F79EFBC}") = "Buffaly.AgentKit.SampleSupport", "samples\Buffaly.AgentKit.SampleSupport\Buffaly.AgentKit.SampleSupport.csproj", "{88BEB256-27A5-4C7E-828B-50DE078B8AF5}"
EndProject
Project("{FAE04EC0-301F-11D3-BF4B-00C04F79EFBC}") = "DevOps.IncidentInvestigation", "samples\DevOps.IncidentInvestigation\DevOps.IncidentInvestigation.csproj", "{E99EC141-2C07-490D-BF9A-389BF0A9E986}"
EndProject
Project("{FAE04EC0-301F-11D3-BF4B-00C04F79EFBC}") = "Medical.ReferralReadiness", "samples\Medical.ReferralReadiness\Medical.ReferralReadiness.csproj", "{4D824D63-30A3-4625-8A1B-3CA28E1A06F3}"
EndProject
Project("{FAE04EC0-301F-11D3-BF4B-00C04F79EFBC}") = "Commerce.ReturnResolution", "samples\Commerce.ReturnResolution\Commerce.ReturnResolution.csproj", "{DAC8750A-B380-4A49-BB0D-2B98B2D15DAD}"
EndProject
Project("{2150E333-8FDC-42A3-9474-1A3956D46DE8}") = "tests", "tests", "{0AB3BF05-4346-4AA6-1389-037BE0695223}"
EndProject
Project("{FAE04EC0-301F-11D3-BF4B-00C04F79EFBC}") = "Buffaly.AgentKit.SampleTests", "tests\Buffaly.AgentKit.SampleTests\Buffaly.AgentKit.SampleTests.csproj", "{A8B9D121-178E-4864-BB00-0D2DD2A584ED}"
EndProject
Global
	GlobalSection(SolutionConfigurationPlatforms) = preSolution
		Debug|Any CPU = Debug|Any CPU
		Debug|x64 = Debug|x64
		Debug|x86 = Debug|x86
		Release|Any CPU = Release|Any CPU
		Release|x64 = Release|x64
		Release|x86 = Release|x86
	EndGlobalSection
	GlobalSection(ProjectConfigurationPlatforms) = postSolution
		{BCAA02E3-B95C-424E-81AE-9D8465C37F14}.Debug|Any CPU.ActiveCfg = Debug|Any CPU
		{BCAA02E3-B95C-424E-81AE-9D8465C37F14}.Debug|Any CPU.Build.0 = Debug|Any CPU
		{BCAA02E3-B95C-424E-81AE-9D8465C37F14}.Debug|x64.ActiveCfg = Debug|Any CPU
		{BCAA02E3-B95C-424E-81AE-9D8465C37F14}.Debug|x64.Build.0 = Debug|Any CPU
		{BCAA02E3-B95C-424E-81AE-9D8465C37F14}.Debug|x86.ActiveCfg = Debug|Any CPU
		{BCAA02E3-B95C-424E-81AE-9D8465C37F14}.Debug|x86.Build.0 = Debug|Any CPU
		{BCAA02E3-B95C-424E-81AE-9D8465C37F14}.Release|Any CPU.ActiveCfg = Release|Any CPU
		{BCAA02E3-B95C-424E-81AE-9D8465C37F14}.Release|Any CPU.Build.0 = Release|Any CPU
		{BCAA02E3-B95C-424E-81AE-9D8465C37F14}.Release|x64.ActiveCfg = Release|Any CPU
		{BCAA02E3-B95C-424E-81AE-9D8465C37F14}.Release|x64.Build.0 = Release|Any CPU
		{BCAA02E3-B95C-424E-81AE-9D8465C37F14}.Release|x86.ActiveCfg = Release|Any CPU
		{BCAA02E3-B95C-424E-81AE-9D8465C37F14}.Release|x86.Build.0 = Release|Any CPU
		{6D551129-705B-4B8A-9E04-DB2B5B4E27BD}.Debug|Any CPU.ActiveCfg = Debug|Any CPU
		{6D551129-705B-4B8A-9E04-DB2B5B4E27BD}.Debug|Any CPU.Build.0 = Debug|Any CPU
		{6D551129-705B-4B8A-9E04-DB2B5B4E27BD}.Debug|x64.ActiveCfg = Debug|Any CPU
		{6D551129-705B-4B8A-9E04-DB2B5B4E27BD}.Debug|x64.Build.0 = Debug|Any CPU
		{6D551129-705B-4B8A-9E04-DB2B5B4E27BD}.Debug|x86.ActiveCfg = Debug|Any CPU
		{6D551129-705B-4B8A-9E04-DB2B5B4E27BD}.Debug|x86.Build.0 = Debug|Any CPU
		{6D551129-705B-4B8A-9E04-DB2B5B4E27BD}.Release|Any CPU.ActiveCfg = Release|Any CPU
		{6D551129-705B-4B8A-9E04-DB2B5B4E27BD}.Release|Any CPU.Build.0 = Release|Any CPU
		{6D551129-705B-4B8A-9E04-DB2B5B4E27BD}.Release|x64.ActiveCfg = Release|Any CPU
		{6D551129-705B-4B8A-9E04-DB2B5B4E27BD}.Release|x64.Build.0 = Release|Any CPU
		{6D551129-705B-4B8A-9E04-DB2B5B4E27BD}.Release|x86.ActiveCfg = Release|Any CPU
		{6D551129-705B-4B8A-9E04-DB2B5B4E27BD}.Release|x86.Build.0 = Release|Any CPU
		{F975B5E7-AC6D-4DAE-BC9F-206DD5827BE6}.Debug|Any CPU.ActiveCfg = Debug|Any CPU
		{F975B5E7-AC6D-4DAE-BC9F-206DD5827BE6}.Debug|Any CPU.Build.0 = Debug|Any CPU
		{F975B5E7-AC6D-4DAE-BC9F-206DD5827BE6}.Debug|x64.ActiveCfg = Debug|Any CPU
		{F975B5E7-AC6D-4DAE-BC9F-206DD5827BE6}.Debug|x64.Build.0 = Debug|Any CPU
		{F975B5E7-AC6D-4DAE-BC9F-206DD5827BE6}.Debug|x86.ActiveCfg = Debug|Any CPU
		{F975B5E7-AC6D-4DAE-BC9F-206DD5827BE6}.Debug|x86.Build.0 = Debug|Any CPU
		{F975B5E7-AC6D-4DAE-BC9F-206DD5827BE6}.Release|Any CPU.ActiveCfg = Release|Any CPU
		{F975B5E7-AC6D-4DAE-BC9F-206DD5827BE6}.Release|Any CPU.Build.0 = Release|Any CPU
		{F975B5E7-AC6D-4DAE-BC9F-206DD5827BE6}.Release|x64.ActiveCfg = Release|Any CPU
		{F975B5E7-AC6D-4DAE-BC9F-206DD5827BE6}.Release|x64.Build.0 = Release|Any CPU
		{F975B5E7-AC6D-4DAE-BC9F-206DD5827BE6}.Release|x86.ActiveCfg = Release|Any CPU
		{F975B5E7-AC6D-4DAE-BC9F-206DD5827BE6}.Release|x86.Build.0 = Release|Any CPU
		{FBC5312F-6DA3-4108-B1F0-3AA8A55036F5}.Debug|Any CPU.ActiveCfg = Debug|Any CPU
		{FBC5312F-6DA3-4108-B1F0-3AA8A55036F5}.Debug|Any CPU.Build.0 = Debug|Any CPU
		{FBC5312F-6DA3-4108-B1F0-3AA8A55036F5}.Debug|x64.ActiveCfg = Debug|Any CPU
		{FBC5312F-6DA3-4108-B1F0-3AA8A55036F5}.Debug|x64.Build.0 = Debug|Any CPU
		{FBC5312F-6DA3-4108-B1F0-3AA8A55036F5}.Debug|x86.ActiveCfg = Debug|Any CPU
		{FBC5312F-6DA3-4108-B1F0-3AA8A55036F5}.Debug|x86.Build.0 = Debug|Any CPU
		{FBC5312F-6DA3-4108-B1F0-3AA8A55036F5}.Release|Any CPU.ActiveCfg = Release|Any CPU
		{FBC5312F-6DA3-4108-B1F0-3AA8A55036F5}.Release|Any CPU.Build.0 = Release|Any CPU
		{FBC5312F-6DA3-4108-B1F0-3AA8A55036F5}.Release|x64.ActiveCfg = Release|Any CPU
		{FBC5312F-6DA3-4108-B1F0-3AA8A55036F5}.Release|x64.Build.0 = Release|Any CPU
		{FBC5312F-6DA3-4108-B1F0-3AA8A55036F5}.Release|x86.ActiveCfg = Release|Any CPU
		{FBC5312F-6DA3-4108-B1F0-3AA8A55036F5}.Release|x86.Build.0 = Release|Any CPU
		{48F1A753-50D5-4A40-BEFC-DB4976EA02F6}.Debug|Any CPU.ActiveCfg = Debug|Any CPU
		{48F1A753-50D5-4A40-BEFC-DB4976EA02F6}.Debug|Any CPU.Build.0 = Debug|Any CPU
		{48F1A753-50D5-4A40-BEFC-DB4976EA02F6}.Debug|x64.ActiveCfg = Debug|Any CPU
		{48F1A753-50D5-4A40-BEFC-DB4976EA02F6}.Debug|x64.Build.0 = Debug|Any CPU
		{48F1A753-50D5-4A40-BEFC-DB4976EA02F6}.Debug|x86.ActiveCfg = Debug|Any CPU
		{48F1A753-50D5-4A40-BEFC-DB4976EA02F6}.Debug|x86.Build.0 = Debug|Any CPU
		{48F1A753-50D5-4A40-BEFC-DB4976EA02F6}.Release|Any CPU.ActiveCfg = Release|Any CPU
		{48F1A753-50D5-4A40-BEFC-DB4976EA02F6}.Release|Any CPU.Build.0 = Release|Any CPU
		{48F1A753-50D5-4A40-BEFC-DB4976EA02F6}.Release|x64.ActiveCfg = Release|Any CPU
		{48F1A753-50D5-4A40-BEFC-DB4976EA02F6}.Release|x64.Build.0 = Release|Any CPU
		{48F1A753-50D5-4A40-BEFC-DB4976EA02F6}.Release|x86.ActiveCfg = Release|Any CPU
		{48F1A753-50D5-4A40-BEFC-DB4976EA02F6}.Release|x86.Build.0 = Release|Any CPU
		{A31D7DCE-856E-4D2D-9A2D-34C5D7A0724F}.Debug|Any CPU.ActiveCfg = Debug|Any CPU
		{A31D7DCE-856E-4D2D-9A2D-34C5D7A0724F}.Debug|Any CPU.Build.0 = Debug|Any CPU
		{A31D7DCE-856E-4D2D-9A2D-34C5D7A0724F}.Debug|x64.ActiveCfg = Debug|Any CPU
		{A31D7DCE-856E-4D2D-9A2D-34C5D7A0724F}.Debug|x64.Build.0 = Debug|Any CPU
		{A31D7DCE-856E-4D2D-9A2D-34C5D7A0724F}.Debug|x86.ActiveCfg = Debug|Any CPU
		{A31D7DCE-856E-4D2D-9A2D-34C5D7A0724F}.Debug|x86.Build.0 = Debug|Any CPU
		{A31D7DCE-856E-4D2D-9A2D-34C5D7A0724F}.Release|Any CPU.ActiveCfg = Release|Any CPU
		{A31D7DCE-856E-4D2D-9A2D-34C5D7A0724F}.Release|Any CPU.Build.0 = Release|Any CPU
		{A31D7DCE-856E-4D2D-9A2D-34C5D7A0724F}.Release|x64.ActiveCfg = Release|Any CPU
		{A31D7DCE-856E-4D2D-9A2D-34C5D7A0724F}.Release|x64.Build.0 = Release|Any CPU
		{A31D7DCE-856E-4D2D-9A2D-34C5D7A0724F}.Release|x86.ActiveCfg = Release|Any CPU
		{A31D7DCE-856E-4D2D-9A2D-34C5D7A0724F}.Release|x86.Build.0 = Release|Any CPU
		{CB1E7659-62B0-46EE-A953-090A9C68D823}.Debug|Any CPU.ActiveCfg = Debug|Any CPU
		{CB1E7659-62B0-46EE-A953-090A9C68D823}.Debug|Any CPU.Build.0 = Debug|Any CPU
		{CB1E7659-62B0-46EE-A953-090A9C68D823}.Debug|x64.ActiveCfg = Debug|Any CPU
		{CB1E7659-62B0-46EE-A953-090A9C68D823}.Debug|x64.Build.0 = Debug|Any CPU
		{CB1E7659-62B0-46EE-A953-090A9C68D823}.Debug|x86.ActiveCfg = Debug|Any CPU
		{CB1E7659-62B0-46EE-A953-090A9C68D823}.Debug|x86.Build.0 = Debug|Any CPU
		{CB1E7659-62B0-46EE-A953-090A9C68D823}.Release|Any CPU.ActiveCfg = Release|Any CPU
		{CB1E7659-62B0-46EE-A953-090A9C68D823}.Release|Any CPU.Build.0 = Release|Any CPU
		{CB1E7659-62B0-46EE-A953-090A9C68D823}.Release|x64.ActiveCfg = Release|Any CPU
		{CB1E7659-62B0-46EE-A953-090A9C68D823}.Release|x64.Build.0 = Release|Any CPU
		{CB1E7659-62B0-46EE-A953-090A9C68D823}.Release|x86.ActiveCfg = Release|Any CPU
		{CB1E7659-62B0-46EE-A953-090A9C68D823}.Release|x86.Build.0 = Release|Any CPU
		{989FEF6F-705D-44FD-9A65-C7443AD29EFF}.Debug|Any CPU.ActiveCfg = Debug|Any CPU
		{989FEF6F-705D-44FD-9A65-C7443AD29EFF}.Debug|Any CPU.Build.0 = Debug|Any CPU
		{989FEF6F-705D-44FD-9A65-C7443AD29EFF}.Debug|x64.ActiveCfg = Debug|Any CPU
		{989FEF6F-705D-44FD-9A65-C7443AD29EFF}.Debug|x64.Build.0 = Debug|Any CPU
		{989FEF6F-705D-44FD-9A65-C7443AD29EFF}.Debug|x86.ActiveCfg = Debug|Any CPU
		{989FEF6F-705D-44FD-9A65-C7443AD29EFF}.Debug|x86.Build.0 = Debug|Any CPU
		{989FEF6F-705D-44FD-9A65-C7443AD29EFF}.Release|Any CPU.ActiveCfg = Release|Any CPU
		{989FEF6F-705D-44FD-9A65-C7443AD29EFF}.Release|Any CPU.Build.0 = Release|Any CPU
		{989FEF6F-705D-44FD-9A65-C7443AD29EFF}.Release|x64.ActiveCfg = Release|Any CPU
		{989FEF6F-705D-44FD-9A65-C7443AD29EFF}.Release|x64.Build.0 = Release|Any CPU
		{989FEF6F-705D-44FD-9A65-C7443AD29EFF}.Release|x86.ActiveCfg = Release|Any CPU
		{989FEF6F-705D-44FD-9A65-C7443AD29EFF}.Release|x86.Build.0 = Release|Any CPU
		{65058B00-B29F-47E7-9824-DF3191650C75}.Debug|Any CPU.ActiveCfg = Debug|Any CPU
		{65058B00-B29F-47E7-9824-DF3191650C75}.Debug|Any CPU.Build.0 = Debug|Any CPU
		{65058B00-B29F-47E7-9824-DF3191650C75}.Debug|x64.ActiveCfg = Debug|Any CPU
		{65058B00-B29F-47E7-9824-DF3191650C75}.Debug|x64.Build.0 = Debug|Any CPU
		{65058B00-B29F-47E7-9824-DF3191650C75}.Debug|x86.ActiveCfg = Debug|Any CPU
		{65058B00-B29F-47E7-9824-DF3191650C75}.Debug|x86.Build.0 = Debug|Any CPU
		{65058B00-B29F-47E7-9824-DF3191650C75}.Release|Any CPU.ActiveCfg = Release|Any CPU
		{65058B00-B29F-47E7-9824-DF3191650C75}.Release|Any CPU.Build.0 = Release|Any CPU
		{65058B00-B29F-47E7-9824-DF3191650C75}.Release|x64.ActiveCfg = Release|Any CPU
		{65058B00-B29F-47E7-9824-DF3191650C75}.Release|x64.Build.0 = Release|Any CPU
		{65058B00-B29F-47E7-9824-DF3191650C75}.Release|x86.ActiveCfg = Release|Any CPU
		{65058B00-B29F-47E7-9824-DF3191650C75}.Release|x86.Build.0 = Release|Any CPU
		{AE745234-DCA2-4878-AB51-06C6D5CF5F64}.Debug|Any CPU.ActiveCfg = Debug|Any CPU
		{AE745234-DCA2-4878-AB51-06C6D5CF5F64}.Debug|Any CPU.Build.0 = Debug|Any CPU
		{AE745234-DCA2-4878-AB51-06C6D5CF5F64}.Debug|x64.ActiveCfg = Debug|Any CPU
		{AE745234-DCA2-4878-AB51-06C6D5CF5F64}.Debug|x64.Build.0 = Debug|Any CPU
		{AE745234-DCA2-4878-AB51-06C6D5CF5F64}.Debug|x86.ActiveCfg = Debug|Any CPU
		{AE745234-DCA2-4878-AB51-06C6D5CF5F64}.Debug|x86.Build.0 = Debug|Any CPU
		{AE745234-DCA2-4878-AB51-06C6D5CF5F64}.Release|Any CPU.ActiveCfg = Release|Any CPU
		{AE745234-DCA2-4878-AB51-06C6D5CF5F64}.Release|Any CPU.Build.0 = Release|Any CPU
		{AE745234-DCA2-4878-AB51-06C6D5CF5F64}.Release|x64.ActiveCfg = Release|Any CPU
		{AE745234-DCA2-4878-AB51-06C6D5CF5F64}.Release|x64.Build.0 = Release|Any CPU
		{AE745234-DCA2-4878-AB51-06C6D5CF5F64}.Release|x86.ActiveCfg = Release|Any CPU
		{AE745234-DCA2-4878-AB51-06C6D5CF5F64}.Release|x86.Build.0 = Release|Any CPU
		{B742FB01-A7A5-45C6-A85B-7B010BA2298E}.Debug|Any CPU.ActiveCfg = Debug|Any CPU
		{B742FB01-A7A5-45C6-A85B-7B010BA2298E}.Debug|Any CPU.Build.0 = Debug|Any CPU
		{B742FB01-A7A5-45C6-A85B-7B010BA2298E}.Debug|x64.ActiveCfg = Debug|Any CPU
		{B742FB01-A7A5-45C6-A85B-7B010BA2298E}.Debug|x64.Build.0 = Debug|Any CPU
		{B742FB01-A7A5-45C6-A85B-7B010BA2298E}.Debug|x86.ActiveCfg = Debug|Any CPU
		{B742FB01-A7A5-45C6-A85B-7B010BA2298E}.Debug|x86.Build.0 = Debug|Any CPU
		{B742FB01-A7A5-45C6-A85B-7B010BA2298E}.Release|Any CPU.ActiveCfg = Release|Any CPU
		{B742FB01-A7A5-45C6-A85B-7B010BA2298E}.Release|Any CPU.Build.0 = Release|Any CPU
		{B742FB01-A7A5-45C6-A85B-7B010BA2298E}.Release|x64.ActiveCfg = Release|Any CPU
		{B742FB01-A7A5-45C6-A85B-7B010BA2298E}.Release|x64.Build.0 = Release|Any CPU
		{B742FB01-A7A5-45C6-A85B-7B010BA2298E}.Release|x86.ActiveCfg = Release|Any CPU
		{B742FB01-A7A5-45C6-A85B-7B010BA2298E}.Release|x86.Build.0 = Release|Any CPU
		{26E808B9-C39E-45F0-A27E-FE1FC3A30D49}.Debug|Any CPU.ActiveCfg = Debug|Any CPU
		{26E808B9-C39E-45F0-A27E-FE1FC3A30D49}.Debug|Any CPU.Build.0 = Debug|Any CPU
		{26E808B9-C39E-45F0-A27E-FE1FC3A30D49}.Debug|x64.ActiveCfg = Debug|Any CPU
		{26E808B9-C39E-45F0-A27E-FE1FC3A30D49}.Debug|x64.Build.0 = Debug|Any CPU
		{26E808B9-C39E-45F0-A27E-FE1FC3A30D49}.Debug|x86.ActiveCfg = Debug|Any CPU
		{26E808B9-C39E-45F0-A27E-FE1FC3A30D49}.Debug|x86.Build.0 = Debug|Any CPU
		{26E808B9-C39E-45F0-A27E-FE1FC3A30D49}.Release|Any CPU.ActiveCfg = Release|Any CPU
		{26E808B9-C39E-45F0-A27E-FE1FC3A30D49}.Release|Any CPU.Build.0 = Release|Any CPU
		{26E808B9-C39E-45F0-A27E-FE1FC3A30D49}.Release|x64.ActiveCfg = Release|Any CPU
		{26E808B9-C39E-45F0-A27E-FE1FC3A30D49}.Release|x64.Build.0 = Release|Any CPU
		{26E808B9-C39E-45F0-A27E-FE1FC3A30D49}.Release|x86.ActiveCfg = Release|Any CPU
		{26E808B9-C39E-45F0-A27E-FE1FC3A30D49}.Release|x86.Build.0 = Release|Any CPU
		{9334AA40-55F7-459B-80CE-7A62BEBBFE67}.Debug|Any CPU.ActiveCfg = Debug|Any CPU
		{9334AA40-55F7-459B-80CE-7A62BEBBFE67}.Debug|Any CPU.Build.0 = Debug|Any CPU
		{9334AA40-55F7-459B-80CE-7A62BEBBFE67}.Debug|x64.ActiveCfg = Debug|Any CPU
		{9334AA40-55F7-459B-80CE-7A62BEBBFE67}.Debug|x64.Build.0 = Debug|Any CPU
		{9334AA40-55F7-459B-80CE-7A62BEBBFE67}.Debug|x86.ActiveCfg = Debug|Any CPU
		{9334AA40-55F7-459B-80CE-7A62BEBBFE67}.Debug|x86.Build.0 = Debug|Any CPU
		{9334AA40-55F7-459B-80CE-7A62BEBBFE67}.Release|Any CPU.ActiveCfg = Release|Any CPU
		{9334AA40-55F7-459B-80CE-7A62BEBBFE67}.Release|Any CPU.Build.0 = Release|Any CPU
		{9334AA40-55F7-459B-80CE-7A62BEBBFE67}.Release|x64.ActiveCfg = Release|Any CPU
		{9334AA40-55F7-459B-80CE-7A62BEBBFE67}.Release|x64.Build.0 = Release|Any CPU
		{9334AA40-55F7-459B-80CE-7A62BEBBFE67}.Release|x86.ActiveCfg = Release|Any CPU
		{9334AA40-55F7-459B-80CE-7A62BEBBFE67}.Release|x86.Build.0 = Release|Any CPU
		{88BEB256-27A5-4C7E-828B-50DE078B8AF5}.Debug|Any CPU.ActiveCfg = Debug|Any CPU
		{88BEB256-27A5-4C7E-828B-50DE078B8AF5}.Debug|Any CPU.Build.0 = Debug|Any CPU
		{88BEB256-27A5-4C7E-828B-50DE078B8AF5}.Debug|x64.ActiveCfg = Debug|Any CPU
		{88BEB256-27A5-4C7E-828B-50DE078B8AF5}.Debug|x64.Build.0 = Debug|Any CPU
		{88BEB256-27A5-4C7E-828B-50DE078B8AF5}.Debug|x86.ActiveCfg = Debug|Any CPU
		{88BEB256-27A5-4C7E-828B-50DE078B8AF5}.Debug|x86.Build.0 = Debug|Any CPU
		{88BEB256-27A5-4C7E-828B-50DE078B8AF5}.Release|Any CPU.ActiveCfg = Release|Any CPU
		{88BEB256-27A5-4C7E-828B-50DE078B8AF5}.Release|Any CPU.Build.0 = Release|Any CPU
		{88BEB256-27A5-4C7E-828B-50DE078B8AF5}.Release|x64.ActiveCfg = Release|Any CPU
		{88BEB256-27A5-4C7E-828B-50DE078B8AF5}.Release|x64.Build.0 = Release|Any CPU
		{88BEB256-27A5-4C7E-828B-50DE078B8AF5}.Release|x86.ActiveCfg = Release|Any CPU
		{88BEB256-27A5-4C7E-828B-50DE078B8AF5}.Release|x86.Build.0 = Release|Any CPU
		{E99EC141-2C07-490D-BF9A-389BF0A9E986}.Debug|Any CPU.ActiveCfg = Debug|Any CPU
		{E99EC141-2C07-490D-BF9A-389BF0A9E986}.Debug|Any CPU.Build.0 = Debug|Any CPU
		{E99EC141-2C07-490D-BF9A-389BF0A9E986}.Debug|x64.ActiveCfg = Debug|Any CPU
		{E99EC141-2C07-490D-BF9A-389BF0A9E986}.Debug|x64.Build.0 = Debug|Any CPU
		{E99EC141-2C07-490D-BF9A-389BF0A9E986}.Debug|x86.ActiveCfg = Debug|Any CPU
		{E99EC141-2C07-490D-BF9A-389BF0A9E986}.Debug|x86.Build.0 = Debug|Any CPU
		{E99EC141-2C07-490D-BF9A-389BF0A9E986}.Release|Any CPU.ActiveCfg = Release|Any CPU
		{E99EC141-2C07-490D-BF9A-389BF0A9E986}.Release|Any CPU.Build.0 = Release|Any CPU
		{E99EC141-2C07-490D-BF9A-389BF0A9E986}.Release|x64.ActiveCfg = Release|Any CPU
		{E99EC141-2C07-490D-BF9A-389BF0A9E986}.Release|x64.Build.0 = Release|Any CPU
		{E99EC141-2C07-490D-BF9A-389BF0A9E986}.Release|x86.ActiveCfg = Release|Any CPU
		{E99EC141-2C07-490D-BF9A-389BF0A9E986}.Release|x86.Build.0 = Release|Any CPU
		{4D824D63-30A3-4625-8A1B-3CA28E1A06F3}.Debug|Any CPU.ActiveCfg = Debug|Any CPU
		{4D824D63-30A3-4625-8A1B-3CA28E1A06F3}.Debug|Any CPU.Build.0 = Debug|Any CPU
		{4D824D63-30A3-4625-8A1B-3CA28E1A06F3}.Debug|x64.ActiveCfg = Debug|Any CPU
		{4D824D63-30A3-4625-8A1B-3CA28E1A06F3}.Debug|x64.Build.0 = Debug|Any CPU
		{4D824D63-30A3-4625-8A1B-3CA28E1A06F3}.Debug|x86.ActiveCfg = Debug|Any CPU
		{4D824D63-30A3-4625-8A1B-3CA28E1A06F3}.Debug|x86.Build.0 = Debug|Any CPU
		{4D824D63-30A3-4625-8A1B-3CA28E1A06F3}.Release|Any CPU.ActiveCfg = Release|Any CPU
		{4D824D63-30A3-4625-8A1B-3CA28E1A06F3}.Release|Any CPU.Build.0 = Release|Any CPU
		{4D824D63-30A3-4625-8A1B-3CA28E1A06F3}.Release|x64.ActiveCfg = Release|Any CPU
		{4D824D63-30A3-4625-8A1B-3CA28E1A06F3}.Release|x64.Build.0 = Release|Any CPU
		{4D824D63-30A3-4625-8A1B-3CA28E1A06F3}.Release|x86.ActiveCfg = Release|Any CPU
		{4D824D63-30A3-4625-8A1B-3CA28E1A06F3}.Release|x86.Build.0 = Release|Any CPU
		{DAC8750A-B380-4A49-BB0D-2B98B2D15DAD}.Debug|Any CPU.ActiveCfg = Debug|Any CPU
		{DAC8750A-B380-4A49-BB0D-2B98B2D15DAD}.Debug|Any CPU.Build.0 = Debug|Any CPU
		{DAC8750A-B380-4A49-BB0D-2B98B2D15DAD}.Debug|x64.ActiveCfg = Debug|Any CPU
		{DAC8750A-B380-4A49-BB0D-2B98B2D15DAD}.Debug|x64.Build.0 = Debug|Any CPU
		{DAC8750A-B380-4A49-BB0D-2B98B2D15DAD}.Debug|x86.ActiveCfg = Debug|Any CPU
		{DAC8750A-B380-4A49-BB0D-2B98B2D15DAD}.Debug|x86.Build.0 = Debug|Any CPU
		{DAC8750A-B380-4A49-BB0D-2B98B2D15DAD}.Release|Any CPU.ActiveCfg = Release|Any CPU
		{DAC8750A-B380-4A49-BB0D-2B98B2D15DAD}.Release|Any CPU.Build.0 = Release|Any CPU
		{DAC8750A-B380-4A49-BB0D-2B98B2D15DAD}.Release|x64.ActiveCfg = Release|Any CPU
		{DAC8750A-B380-4A49-BB0D-2B98B2D15DAD}.Release|x64.Build.0 = Release|Any CPU
		{DAC8750A-B380-4A49-BB0D-2B98B2D15DAD}.Release|x86.ActiveCfg = Release|Any CPU
		{DAC8750A-B380-4A49-BB0D-2B98B2D15DAD}.Release|x86.Build.0 = Release|Any CPU
		{A8B9D121-178E-4864-BB00-0D2DD2A584ED}.Debug|Any CPU.ActiveCfg = Debug|Any CPU
		{A8B9D121-178E-4864-BB00-0D2DD2A584ED}.Debug|Any CPU.Build.0 = Debug|Any CPU
		{A8B9D121-178E-4864-BB00-0D2DD2A584ED}.Debug|x64.ActiveCfg = Debug|Any CPU
		{A8B9D121-178E-4864-BB00-0D2DD2A584ED}.Debug|x64.Build.0 = Debug|Any CPU
		{A8B9D121-178E-4864-BB00-0D2DD2A584ED}.Debug|x86.ActiveCfg = Debug|Any CPU
		{A8B9D121-178E-4864-BB00-0D2DD2A584ED}.Debug|x86.Build.0 = Debug|Any CPU
		{A8B9D121-178E-4864-BB00-0D2DD2A584ED}.Release|Any CPU.ActiveCfg = Release|Any CPU
		{A8B9D121-178E-4864-BB00-0D2DD2A584ED}.Release|Any CPU.Build.0 = Release|Any CPU
		{A8B9D121-178E-4864-BB00-0D2DD2A584ED}.Release|x64.ActiveCfg = Release|Any CPU
		{A8B9D121-178E-4864-BB00-0D2DD2A584ED}.Release|x64.Build.0 = Release|Any CPU
		{A8B9D121-178E-4864-BB00-0D2DD2A584ED}.Release|x86.ActiveCfg = Release|Any CPU
		{A8B9D121-178E-4864-BB00-0D2DD2A584ED}.Release|x86.Build.0 = Release|Any CPU
	EndGlobalSection
	GlobalSection(SolutionProperties) = preSolution
		HideSolutionNode = FALSE
	EndGlobalSection
	GlobalSection(NestedProjects) = preSolution
		{09108480-725A-3CF3-E626-E2F33F0A58E4} = {827E0CD3-B72D-47B6-A68D-7590B98EB39B}
		{A86C6CF5-943B-F66C-7DBE-6DEBDB6F788B} = {09108480-725A-3CF3-E626-E2F33F0A58E4}
		{BCAA02E3-B95C-424E-81AE-9D8465C37F14} = {A86C6CF5-943B-F66C-7DBE-6DEBDB6F788B}
		{6D551129-705B-4B8A-9E04-DB2B5B4E27BD} = {A86C6CF5-943B-F66C-7DBE-6DEBDB6F788B}
		{F975B5E7-AC6D-4DAE-BC9F-206DD5827BE6} = {A86C6CF5-943B-F66C-7DBE-6DEBDB6F788B}
		{FBC5312F-6DA3-4108-B1F0-3AA8A55036F5} = {A86C6CF5-943B-F66C-7DBE-6DEBDB6F788B}
		{48F1A753-50D5-4A40-BEFC-DB4976EA02F6} = {A86C6CF5-943B-F66C-7DBE-6DEBDB6F788B}
		{A31D7DCE-856E-4D2D-9A2D-34C5D7A0724F} = {A86C6CF5-943B-F66C-7DBE-6DEBDB6F788B}
		{CB1E7659-62B0-46EE-A953-090A9C68D823} = {A86C6CF5-943B-F66C-7DBE-6DEBDB6F788B}
		{989FEF6F-705D-44FD-9A65-C7443AD29EFF} = {A86C6CF5-943B-F66C-7DBE-6DEBDB6F788B}
		{65058B00-B29F-47E7-9824-DF3191650C75} = {A86C6CF5-943B-F66C-7DBE-6DEBDB6F788B}
		{AE745234-DCA2-4878-AB51-06C6D5CF5F64} = {A86C6CF5-943B-F66C-7DBE-6DEBDB6F788B}
		{B742FB01-A7A5-45C6-A85B-7B010BA2298E} = {A86C6CF5-943B-F66C-7DBE-6DEBDB6F788B}
		{26E808B9-C39E-45F0-A27E-FE1FC3A30D49} = {A86C6CF5-943B-F66C-7DBE-6DEBDB6F788B}
		{9334AA40-55F7-459B-80CE-7A62BEBBFE67} = {A86C6CF5-943B-F66C-7DBE-6DEBDB6F788B}
		{88BEB256-27A5-4C7E-828B-50DE078B8AF5} = {5D20AA90-6969-D8BD-9DCD-8634F4692FDA}
		{E99EC141-2C07-490D-BF9A-389BF0A9E986} = {5D20AA90-6969-D8BD-9DCD-8634F4692FDA}
		{4D824D63-30A3-4625-8A1B-3CA28E1A06F3} = {5D20AA90-6969-D8BD-9DCD-8634F4692FDA}
		{DAC8750A-B380-4A49-BB0D-2B98B2D15DAD} = {5D20AA90-6969-D8BD-9DCD-8634F4692FDA}
		{A8B9D121-178E-4864-BB00-0D2DD2A584ED} = {0AB3BF05-4346-4AA6-1389-037BE0695223}
	EndGlobalSection
EndGlobal
