{
  "version": 2,
  "dependencies": {
    "net9.0": {
      "Microsoft.Extensions.AI.OpenAI": {
        "type": "Direct",
        "requested": "[10.3.0, )",
        "resolved": "10.3.0",
        "contentHash": "+TAHAJy2+m5zazGLuwz6PbcMu6EmhxR+LmRhmz8+O3BBnfuGWVJOBGDeKAaSvIQDzKFYCLOrE4ZH0IbdLHVlKw==",
        "dependencies": {
          "Microsoft.Extensions.AI.Abstractions": "10.3.0",
          "OpenAI": "2.8.0",
          "System.Text.Json": "10.0.3"
        }
      },
      "OpenAI": {
        "type": "Transitive",
        "resolved": "2.8.0",
        "contentHash": "KcYpZ9IhuxFD2hGAJlL5vABtkr00CjeJU0SY8CjZQyzvzkzLop8jhdX3iDvteVJg6e3y4TEiY+Kti4gDJAagnA==",
        "dependencies": {
          "System.ClientModel": "1.8.1",
          "System.Net.ServerSentEvents": "9.0.9"
        }
      },
      "System.ClientModel": {
        "type": "Transitive",
        "resolved": "1.8.1",
        "contentHash": "4oUQgw/vaO4FBOk3YsH40hbrjxRED1l95rRLvTMtHXfQxapXya9IfPpm/KgwValFFtYTfYGFOs/qzGmGyexicQ==",
        "dependencies": {
          "Microsoft.Extensions.Logging.Abstractions": "8.0.3",
          "System.Memory.Data": "8.0.1"
        }
      },
      "System.IO.Pipelines": {
        "type": "Transitive",
        "resolved": "10.0.3",
        "contentHash": "WMxiA2jGdHnRBmoVK55YUq5VPaxW0Sg2frPtXV+urUMvpqHIga6lleV/YuryHIuGsAKVjQAjv6PrQ6IJpoLohQ=="
      },
      "System.Memory.Data": {
        "type": "Transitive",
        "resolved": "8.0.1",
        "contentHash": "BVYuec3jV23EMRDeR7Dr1/qhx7369dZzJ9IWy2xylvb4YfXsrUxspWc4UWYid/tj4zZK58uGZqn2WQiaDMhmAg=="
      },
      "System.Net.ServerSentEvents": {
        "type": "Transitive",
        "resolved": "9.0.9",
        "contentHash": "zEISfefh8BYD5m+GMsYJnodiTaz2fDBEOrLgYH7VsQhMIzNkcuSsg9Df/d3zywYX5ohCyCJ5AOax50XLKnXyjw=="
      },
      "System.Text.Encodings.Web": {
        "type": "Transitive",
        "resolved": "10.0.3",
        "contentHash": "l8QNBPp92bVzl9Kw8nNtm1uYRNNhUrdulZjM4a8YK/QGNa8z9utKsC0bDoPB+Vq8LOlbD3fIyGlabtz80jT7cw=="
      },
      "System.Text.Json": {
        "type": "Transitive",
        "resolved": "10.0.3",
        "contentHash": "NTUt9DL+maqbgrIYCAmeZUbX0NoXaueySyjW/bdOlFdSUDC1l51XnsbVEuj5tuad12vdq5Sviskp9uMVGgCNLw==",
        "dependencies": {
          "System.IO.Pipelines": "10.0.3",
          "System.Text.Encodings.Web": "10.0.3"
        }
      },
      "buffaly.agentkit": {
        "type": "Project",
        "dependencies": {
          "Microsoft.Extensions.AI.Abstractions": "[9.5.0, )"
        }
      },
      "buffaly.agentkit.protoscript": {
        "type": "Project",
        "dependencies": {
          "Buffaly.AgentKit": "[1.0.0, )",
          "ProtoScript.Interpretter": "[1.0.0, )",
          "ProtoScript.Parsers": "[1.0.0, )",
          "ProtoScript.Runtime": "[1.0.0, )"
        }
      },
      "buffaly.foundation.runtime": {
        "type": "Project"
      },
      "ontology.parsers": {
        "type": "Project",
        "dependencies": {
          "Ontology.Runtime": "[1.0.0, )"
        }
      },
      "Ontology.Runtime": {
        "type": "Project",
        "dependencies": {
          "Buffaly.Foundation.Runtime": "[1.0.0, )"
        }
      },
      "ontology.simulation": {
        "type": "Project",
        "dependencies": {
          "Ontology.Parsers": "[1.0.0, )",
          "Ontology.Runtime": "[1.0.0, )"
        }
      },
      "protoscript.interpretter": {
        "type": "Project",
        "dependencies": {
          "Ontology.Parsers": "[1.0.0, )",
          "Ontology.Runtime": "[1.0.0, )",
          "Ontology.Simulation": "[1.0.0, )",
          "ProtoScript.Parsers": "[1.0.0, )",
          "ProtoScript.Runtime": "[1.0.0, )"
        }
      },
      "protoscript.parsers": {
        "type": "Project",
        "dependencies": {
          "ProtoScript.Runtime": "[1.0.0, )"
        }
      },
      "ProtoScript.Runtime": {
        "type": "Project",
        "dependencies": {
          "Ontology.Runtime": "[1.0.0, )"
        }
      },
      "Microsoft.Extensions.AI.Abstractions": {
        "type": "CentralTransitive",
        "requested": "[9.5.0, )",
        "resolved": "10.3.0",
        "contentHash": "hDjDvUERvUH3HBMs2MDusOcGJBjAHOG5pJIU2x/HZEa4e1UthNKt89cwMi3B+ogJo6skki1XFjfgGN3ksnVqvQ==",
        "dependencies": {
          "System.Text.Json": "10.0.3"
        }
      },
      "Microsoft.Extensions.DependencyInjection.Abstractions": {
        "type": "CentralTransitive",
        "requested": "[9.0.6, )",
        "resolved": "8.0.2",
        "contentHash": "3iE7UF7MQkCv1cxzCahz+Y/guQbTqieyxyaWKhrRO91itI9cOKO76OHeQDahqG4MmW5umr3CcCvGmK92lWNlbg=="
      },
      "Microsoft.Extensions.Logging.Abstractions": {
        "type": "CentralTransitive",
        "requested": "[9.0.6, )",
        "resolved": "8.0.3",
        "contentHash": "dL0QGToTxggRLMYY4ZYX5AMwBb+byQBd/5dMiZE07Nv73o6I5Are3C7eQTh7K2+A4ct0PVISSr7TZANbiNb2yQ==",
        "dependencies": {
          "Microsoft.Extensions.DependencyInjection.Abstractions": "8.0.2"
        }
      }
    }
  }
}